<?xml version="1.0" encoding="UTF-8" standalone="yes" ?>
<CodeBlocks_project_file>
	<FileVersion major="1" minor="6" />
	<Project>
		<Option title="Flow" />
		<Option platforms="Windows;" />
		<Option pch_mode="2" />
		<Option compiler="gcc" />
		<Build>
			<Target title="Windows Release">
				<Option platforms="Windows;" />
				<Option output="H:\App\OgreSDK\bin\Release\flow-win" prefix_auto="1" extension_auto="1" />
				<Option working_dir="H:\App\OgreSDK\bin\Release" />
				<Option object_output="obj\Release\" />
				<Option type="1" />
				<Option compiler="gcc" />
				<Compiler>
			        <Add option="-Wall" />
			        <Add option="-mthreads" />
			        <Add option="-fmessage-length=0" />
			        <Add option="-fexceptions" />
			        <Add option="-fident" />
			        <Add option="-DWIN32" />
			        <Add option="-D_WINDOWS" />
					<Add option="-O2" />
					<Add option="-DNDEBUG" />
					<Add directory="H:\App\OgreSDK\include" />
					<Add directory="H:\App\OgreSDK\samples\include" />
					<Add directory="H:\App\OgreSDK\samples\refapp\include" />
					<Add directory="H:\App\OgreSDK\include\CEGUI" />
				</Compiler>
				<Linker>
			        <Add library="CEGUIBase" />
			        <Add library="OgreGUIRenderer" />
			        <Add library="OgreMain" />
			        <Add library="OIS" />
					<Add option="-s" />
					<Add option="-Wl,--enable-runtime-pseudo-reloc" />
					<Add option="-Wl,--enable-auto-image-base" />
					<Add option="-Wl,--add-stdcall-alias" />
					<Add directory="H:\App\OgreSDK\lib" />
					<Add directory="H:\App\OgreSDK\bin\Debug" />
					<Add directory="H:\App\OgreSDK\bin\Release" />
				</Linker>
			</Target>
		</Build>
		<Compiler>
		<Unit filename="Effects.h" />
		<Unit filename="Level.cpp" />
		<Unit filename="Level.h" />
		<Unit filename="Piece.cpp" />
		<Unit filename="Piece.h" />
		<Unit filename="TextFile.cpp" />
		<Unit filename="TextFile.h" />
		<Unit filename="TextFileManager.cpp" />
		<Unit filename="TextFileManager.h" />
		<Unit filename="TextFileSerializer.cpp" />
		<Unit filename="TextFileSerializer.h" />
		<Unit filename="World.cpp" />
		<Unit filename="World.h" />
		<Unit filename="main.cpp" />
		<Extensions>
			<code_completion />
			<debugger />
			<envvars />
		</Extensions>
	</Project>
</CodeBlocks_project_file>
